PODS:
  - FlutterMacOS (1.0.0)
  - webview_cef (0.0.1):
    - FlutterMacOS

DEPENDENCIES:
  - FlutterMacOS (from `Flutter/ephemeral`)
  - webview_cef (from `Flutter/ephemeral/.symlinks/plugins/webview_cef/macos`)

EXTERNAL SOURCES:
  FlutterMacOS:
    :path: Flutter/ephemeral
  webview_cef:
    :path: Flutter/ephemeral/.symlinks/plugins/webview_cef/macos

SPEC CHECKSUMS:
  FlutterMacOS: 57701585bf7de1b3fc2bb61f6378d73bbdea8424
  webview_cef: 60cb104c4f5d7454500fa260cfbaeb1da3d45292

PODFILE CHECKSUM: 6eac6b3292e5142cfc23bdeb71848a40ec51c14c

COCOAPODS: 1.11.3
