PODS:
  - FlutterMacOS (1.0.0)
  - webview_cef (0.0.8):
    - FlutterMacOS

DEPENDENCIES:
  - FlutterMacOS (from `Flutter/ephemeral`)
  - webview_cef (from `Flutter/ephemeral/.symlinks/plugins/webview_cef/macos`)

EXTERNAL SOURCES:
  FlutterMacOS:
    :path: Flutter/ephemeral
  webview_cef:
    :path: Flutter/ephemeral/.symlinks/plugins/webview_cef/macos

SPEC CHECKSUMS:
  FlutterMacOS: d0db08ddef1a9af05a5ec4b724367152bb0500b1
  webview_cef: ef43b137728c4576fdd4455218c09a29f7ce07c7

PODFILE CHECKSUM: de782d66259fd7a3caa00b0d30232a493cb5b668

COCOAPODS: 1.16.2
