PODS:
  - FlutterMacOS (1.0.0)
  - webview_cef (0.0.1):
    - FlutterMacOS

DEPENDENCIES:
  - FlutterMacOS (from `Flutter/ephemeral`)
  - webview_cef (from `Flutter/ephemeral/.symlinks/plugins/webview_cef/macos`)

EXTERNAL SOURCES:
  FlutterMacOS:
    :path: Flutter/ephemeral
  webview_cef:
    :path: Flutter/ephemeral/.symlinks/plugins/webview_cef/macos

SPEC CHECKSUMS:
  FlutterMacOS: ae6af50a8ea7d6103d888583d46bd8328a7e9811
  webview_cef: 1c58878c88cb921c6060d6df87d9fe26990a16a2

PODFILE CHECKSUM: 6eac6b3292e5142cfc23bdeb71848a40ec51c14c

COCOAPODS: 1.11.3
